# THIS IS AN AUTOGENERATED FILE. DO NOT EDIT THIS FILE DIRECTLY.
# yarn lockfile v1


collections@^5.1.9:
  version "5.1.9"
  resolved "https://registry.yarnpkg.com/collections/-/collections-5.1.9.tgz#4bb7d97a1b4b364f2a98d64ec1eca6ec9152d9ef"
  integrity sha512-omsKk7VkxuYKsxKG9jdyNtqTVJXZuwLnK53lc7M7AW4cXKcEyK3F+4cfQFVOy4ivT+UWhJlvClrJI7qF2Ts6iA==
  dependencies:
    weak-map "~1.0.x"

weak-map@~1.0.x:
  version "1.0.5"
  resolved "https://registry.yarnpkg.com/weak-map/-/weak-map-1.0.5.tgz#79691584d98607f5070bd3b70a40e6bb22e401eb"
  integrity sha1-eWkVhNmGB/UHC9O3CkDmuyLkAes=
